<?xml version="1.0" encoding="utf-8"?>
<Project ToolsVersion="4.0" xmlns="http://schemas.microsoft.com/developer/msbuild/2003">
  <ItemGroup>
    <Filter Include="Source Files">
      <UniqueIdentifier>{4FC737F1-C7A5-4376-A066-2A32D752A2FF}</UniqueIdentifier>
      <Extensions>cpp;c;cc;cxx;def;odl;idl;hpj;bat;asm;asmx</Extensions>
    </Filter>
    <Filter Include="Header Files">
      <UniqueIdentifier>{93995380-89BD-4b04-88EB-625FBE52EBFB}</UniqueIdentifier>
      <Extensions>h;hh;hpp;hxx;hm;inl;inc;xsd</Extensions>
    </Filter>
    <Filter Include="Resource Files">
      <UniqueIdentifier>{67DA6AB6-F800-4c08-8B7A-83BB121AAD01}</UniqueIdentifier>
      <Extensions>rc;ico;cur;bmp;dlg;rc2;rct;bin;rgs;gif;jpg;jpeg;jpe;resx;tiff;tif;png;wav;mfcribbon-ms</Extensions>
    </Filter>
    <Filter Include="Source Files\SDK">
      <UniqueIdentifier>{f6f77882-fa07-4db8-bfa4-ac810e4dad3b}</UniqueIdentifier>
    </Filter>
    <Filter Include="Header Files\SDK">
      <UniqueIdentifier>{8cd93391-da6a-493b-a6b7-893539c6fbcb}</UniqueIdentifier>
    </Filter>
    <Filter Include="Header Files\Visuals">
      <UniqueIdentifier>{f8ce84bf-d99c-49e2-a8fe-f8c3e187c647}</UniqueIdentifier>
    </Filter>
    <Filter Include="Source Files\Visuals">
      <UniqueIdentifier>{243cba9d-f504-4602-96cf-1670de175282}</UniqueIdentifier>
    </Filter>
    <Filter Include="Header Files\Visuals\UI">
      <UniqueIdentifier>{eaf94569-0f18-4a94-bfc2-2908650959f8}</UniqueIdentifier>
    </Filter>
    <Filter Include="Source Files\Visuals\UI">
      <UniqueIdentifier>{c1ee3fda-92e0-43f5-86ca-9304983a998b}</UniqueIdentifier>
    </Filter>
  </ItemGroup>
  <ItemGroup>
    <ClCompile Include="..\..\fpsdk_20160623\source\c\fp_cplug.cpp">
      <Filter>Source Files\SDK</Filter>
    </ClCompile>
    <ClCompile Include="..\..\fpsdk_20160623\source\c\fp_extra.cpp">
      <Filter>Source Files\SDK</Filter>
    </ClCompile>
    <ClCompile Include="..\..\fpsdk_20160623\source\c\fp_plugclass.cpp">
      <Filter>Source Files\SDK</Filter>
    </ClCompile>
    <ClCompile Include="Utils\String.cpp">
      <Filter>Source Files</Filter>
    </ClCompile>
    <ClCompile Include="Decay.cpp">
      <Filter>Source Files</Filter>
    </ClCompile>
    <ClCompile Include="Common\Application.cpp">
      <Filter>Source Files</Filter>
    </ClCompile>
    <ClCompile Include="Common\UIElement.cpp">
      <Filter>Source Files\Visuals\UI</Filter>
    </ClCompile>
    <ClCompile Include="Common\BaseKnob.cpp">
      <Filter>Source Files\Visuals\UI</Filter>
    </ClCompile>
    <ClCompile Include="Common\Parameter.cpp">
      <Filter>Source Files</Filter>
    </ClCompile>
  </ItemGroup>
  <ItemGroup>
    <ClInclude Include="..\..\fpsdk_20160623\source\c\fp_cplug.h">
      <Filter>Header Files\SDK</Filter>
    </ClInclude>
    <ClInclude Include="..\..\fpsdk_20160623\source\c\fp_def.h">
      <Filter>Header Files\SDK</Filter>
    </ClInclude>
    <ClInclude Include="..\..\fpsdk_20160623\source\c\fp_extra.h">
      <Filter>Header Files\SDK</Filter>
    </ClInclude>
    <ClInclude Include="..\..\fpsdk_20160623\source\c\fp_plugclass.h">
      <Filter>Header Files\SDK</Filter>
    </ClInclude>
    <ClInclude Include="..\..\fpsdk_20160623\source\c\generictransport.h">
      <Filter>Header Files\SDK</Filter>
    </ClInclude>
    <ClInclude Include="Utils\String.h">
      <Filter>Header Files</Filter>
    </ClInclude>
    <ClInclude Include="Common\CircularBuffer.h">
      <Filter>Header Files</Filter>
    </ClInclude>
    <ClInclude Include="Common\CString.h">
      <Filter>Header Files</Filter>
    </ClInclude>
    <ClInclude Include="Collisions\CircleCollision.h">
      <Filter>Header Files</Filter>
    </ClInclude>
    <ClInclude Include="Collisions\RectCollision.h">
      <Filter>Header Files</Filter>
    </ClInclude>
    <ClInclude Include="Decay.h">
      <Filter>Header Files</Filter>
    </ClInclude>
    <ClInclude Include="Common\Application.h">
      <Filter>Header Files</Filter>
    </ClInclude>
    <ClInclude Include="Common\UIElement.h">
      <Filter>Header Files\Visuals\UI</Filter>
    </ClInclude>
    <ClInclude Include="Common\BaseKnob.h">
      <Filter>Header Files\Visuals\UI</Filter>
    </ClInclude>
    <ClInclude Include="Common\Parameter.h">
      <Filter>Header Files</Filter>
    </ClInclude>
    <ClInclude Include="Common\Winapi.h">
      <Filter>Header Files\Visuals</Filter>
    </ClInclude>
  </ItemGroup>
  <ItemGroup>
    <None Include="Decay.def">
      <Filter>Source Files</Filter>
    </None>
  </ItemGroup>
</Project>